
Microsoft Visual Studio Solution File, Format Version 12.00
# Visual Studio Version 16
VisualStudioVersion = 16.0.29613.14
MinimumVisualStudioVersion = 10.0.40219.1
Project("{FAE04EC0-301F-11D3-BF4B-00C04F79EFBC}") = "HPIT.ClockIn.Web", "HPIT.ClockIn.Web\HPIT.ClockIn.Web.csproj", "{1C765CA5-0B9D-45F7-AB53-4A0056712587}"
EndProject
Global
	GlobalSection(SolutionConfigurationPlatforms) = preSolution
		Debug|Any CPU = Debug|Any CPU
		Release|Any CPU = Release|Any CPU
	EndGlobalSection
	GlobalSection(ProjectConfigurationPlatforms) = postSolution
		{1C765CA5-0B9D-45F7-AB53-4A0056712587}.Debug|Any CPU.ActiveCfg = Debug|Any CPU
		{1C765CA5-0B9D-45F7-AB53-4A0056712587}.Debug|Any CPU.Build.0 = Debug|Any CPU
		{1C765CA5-0B9D-45F7-AB53-4A0056712587}.Release|Any CPU.ActiveCfg = Release|Any CPU
		{1C765CA5-0B9D-45F7-AB53-4A0056712587}.Release|Any CPU.Build.0 = Release|Any CPU
	EndGlobalSection
	GlobalSection(SolutionProperties) = preSolution
		HideSolutionNode = FALSE
	EndGlobalSection
	GlobalSection(ExtensibilityGlobals) = postSolution
		SolutionGuid = {2850D552-6A37-42CC-80D4-6DB186086F2F}
	EndGlobalSection
EndGlobal
